// !$*UTF8*$!
{
	archiveVersion = 1;
	classes = {
	};
	objectVersion = 56;
	objects = {

/* Begin PBXBuildFile section */
		4CEDE9B22C155D3300A64328 /* CamtrogramApp.swift in Sources */ = {isa = PBXBuildFile; fileRef = 4CEDE9B12C155D3300A64328 /* CamtrogramApp.swift */; };
		4CEDE9B42C155D3300A64328 /* MainView.swift in Sources */ = {isa = PBXBuildFile; fileRef = 4CEDE9B32C155D3300A64328 /* MainView.swift */; };
		4CEDE9B62C155D3400A64328 /* Assets.xcassets in Resources */ = {isa = PBXBuildFile; fileRef = 4CEDE9B52C155D3400A64328 /* Assets.xcassets */; };
		4CEDE9B92C155D3400A64328 /* Preview Assets.xcassets in Resources */ = {isa = PBXBuildFile; fileRef = 4CEDE9B82C155D3400A64328 /* Preview Assets.xcassets */; };
		4CEDE9C02C155DB800A64328 /* CameraView.swift in Sources */ = {isa = PBXBuildFile; fileRef = 4CEDE9BF2C155DB800A64328 /* CameraView.swift */; };
		4CEDE9C22C15683A00A64328 /* PreviewMetalView.swift in Sources */ = {isa = PBXBuildFile; fileRef = 4CEDE9C12C15683A00A64328 /* PreviewMetalView.swift */; };
		4CEDE9C52C15691300A64328 /* PureLayout in Frameworks */ = {isa = PBXBuildFile; productRef = 4CEDE9C42C15691300A64328 /* PureLayout */; };
		4CEDE9C72C1569A900A64328 /* PassThrough.metal in Sources */ = {isa = PBXBuildFile; fileRef = 4CEDE9C62C1569A900A64328 /* PassThrough.metal */; };
		4CEDE9C92C156D0B00A64328 /* FilterRenderer.swift in Sources */ = {isa = PBXBuildFile; fileRef = 4CEDE9C82C156D0B00A64328 /* FilterRenderer.swift */; };
		4CEDE9CB2C156D5D00A64328 /* EdgeCIRenderer.swift in Sources */ = {isa = PBXBuildFile; fileRef = 4CEDE9CA2C156D5D00A64328 /* EdgeCIRenderer.swift */; };
		4CEDE9CD2C15739400A64328 /* FFT.swift in Sources */ = {isa = PBXBuildFile; fileRef = 4CEDE9CC2C15739400A64328 /* FFT.swift */; };
		4CEDE9CF2C1573E100A64328 /* ImageToAudio.swift in Sources */ = {isa = PBXBuildFile; fileRef = 4CEDE9CE2C1573E100A64328 /* ImageToAudio.swift */; };
		4CEDE9D12C16446E00A64328 /* WavWriter.swift in Sources */ = {isa = PBXBuildFile; fileRef = 4CEDE9D02C16446E00A64328 /* WavWriter.swift */; };
		4CEDE9D32C16474B00A64328 /* Extensions.swift in Sources */ = {isa = PBXBuildFile; fileRef = 4CEDE9D22C16474B00A64328 /* Extensions.swift */; };
/* End PBXBuildFile section */

/* Begin PBXFileReference section */
		4CEDE9AE2C155D3300A64328 /* Camtrogram.app */ = {isa = PBXFileReference; explicitFileType = wrapper.application; includeInIndex = 0; path = Camtrogram.app; sourceTree = BUILT_PRODUCTS_DIR; };
		4CEDE9B12C155D3300A64328 /* CamtrogramApp.swift */ = {isa = PBXFileReference; lastKnownFileType = sourcecode.swift; path = CamtrogramApp.swift; sourceTree = "<group>"; };
		4CEDE9B32C155D3300A64328 /* MainView.swift */ = {isa = PBXFileReference; lastKnownFileType = sourcecode.swift; path = MainView.swift; sourceTree = "<group>"; };
		4CEDE9B52C155D3400A64328 /* Assets.xcassets */ = {isa = PBXFileReference; lastKnownFileType = folder.assetcatalog; path = Assets.xcassets; sourceTree = "<group>"; };
		4CEDE9B82C155D3400A64328 /* Preview Assets.xcassets */ = {isa = PBXFileReference; lastKnownFileType = folder.assetcatalog; path = "Preview Assets.xcassets"; sourceTree = "<group>"; };
		4CEDE9BF2C155DB800A64328 /* CameraView.swift */ = {isa = PBXFileReference; lastKnownFileType = sourcecode.swift; path = CameraView.swift; sourceTree = "<group>"; };
		4CEDE9C12C15683A00A64328 /* PreviewMetalView.swift */ = {isa = PBXFileReference; lastKnownFileType = sourcecode.swift; path = PreviewMetalView.swift; sourceTree = "<group>"; };
		4CEDE9C62C1569A900A64328 /* PassThrough.metal */ = {isa = PBXFileReference; fileEncoding = 4; lastKnownFileType = sourcecode.metal; path = PassThrough.metal; sourceTree = "<group>"; };
		4CEDE9C82C156D0B00A64328 /* FilterRenderer.swift */ = {isa = PBXFileReference; lastKnownFileType = sourcecode.swift; path = FilterRenderer.swift; sourceTree = "<group>"; };
		4CEDE9CA2C156D5D00A64328 /* EdgeCIRenderer.swift */ = {isa = PBXFileReference; lastKnownFileType = sourcecode.swift; path = EdgeCIRenderer.swift; sourceTree = "<group>"; };
		4CEDE9CC2C15739400A64328 /* FFT.swift */ = {isa = PBXFileReference; lastKnownFileType = sourcecode.swift; path = FFT.swift; sourceTree = "<group>"; };
		4CEDE9CE2C1573E100A64328 /* ImageToAudio.swift */ = {isa = PBXFileReference; lastKnownFileType = sourcecode.swift; path = ImageToAudio.swift; sourceTree = "<group>"; };
		4CEDE9D02C16446E00A64328 /* WavWriter.swift */ = {isa = PBXFileReference; lastKnownFileType = sourcecode.swift; path = WavWriter.swift; sourceTree = "<group>"; };
		4CEDE9D22C16474B00A64328 /* Extensions.swift */ = {isa = PBXFileReference; lastKnownFileType = sourcecode.swift; path = Extensions.swift; sourceTree = "<group>"; };
/* End PBXFileReference section */

/* Begin PBXFrameworksBuildPhase section */
		4CEDE9AB2C155D3300A64328 /* Frameworks */ = {
			isa = PBXFrameworksBuildPhase;
			buildActionMask = 2147483647;
			files = (
				4CEDE9C52C15691300A64328 /* PureLayout in Frameworks */,
			);
			runOnlyForDeploymentPostprocessing = 0;
		};
/* End PBXFrameworksBuildPhase section */

/* Begin PBXGroup section */
		4CEDE9A52C155D3300A64328 = {
			isa = PBXGroup;
			children = (
				4CEDE9B02C155D3300A64328 /* Camtrogram */,
				4CEDE9AF2C155D3300A64328 /* Products */,
			);
			sourceTree = "<group>";
		};
		4CEDE9AF2C155D3300A64328 /* Products */ = {
			isa = PBXGroup;
			children = (
				4CEDE9AE2C155D3300A64328 /* Camtrogram.app */,
			);
			name = Products;
			sourceTree = "<group>";
		};
		4CEDE9B02C155D3300A64328 /* Camtrogram */ = {
			isa = PBXGroup;
			children = (
				4CEDE9B12C155D3300A64328 /* CamtrogramApp.swift */,
				4CEDE9B32C155D3300A64328 /* MainView.swift */,
				4CEDE9BF2C155DB800A64328 /* CameraView.swift */,
				4CEDE9C12C15683A00A64328 /* PreviewMetalView.swift */,
				4CEDE9C82C156D0B00A64328 /* FilterRenderer.swift */,
				4CEDE9CA2C156D5D00A64328 /* EdgeCIRenderer.swift */,
				4CEDE9CC2C15739400A64328 /* FFT.swift */,
				4CEDE9CE2C1573E100A64328 /* ImageToAudio.swift */,
				4CEDE9D02C16446E00A64328 /* WavWriter.swift */,
				4CEDE9D22C16474B00A64328 /* Extensions.swift */,
				4CEDE9C62C1569A900A64328 /* PassThrough.metal */,
				4CEDE9B52C155D3400A64328 /* Assets.xcassets */,
				4CEDE9B72C155D3400A64328 /* Preview Content */,
			);
			path = Camtrogram;
			sourceTree = "<group>";
		};
		4CEDE9B72C155D3400A64328 /* Preview Content */ = {
			isa = PBXGroup;
			children = (
				4CEDE9B82C155D3400A64328 /* Preview Assets.xcassets */,
			);
			path = "Preview Content";
			sourceTree = "<group>";
		};
/* End PBXGroup section */

/* Begin PBXNativeTarget section */
		4CEDE9AD2C155D3300A64328 /* Camtrogram */ = {
			isa = PBXNativeTarget;
			buildConfigurationList = 4CEDE9BC2C155D3400A64328 /* Build configuration list for PBXNativeTarget "Camtrogram" */;
			buildPhases = (
				4CEDE9AA2C155D3300A64328 /* Sources */,
				4CEDE9AB2C155D3300A64328 /* Frameworks */,
				4CEDE9AC2C155D3300A64328 /* Resources */,
			);
			buildRules = (
			);
			dependencies = (
			);
			name = Camtrogram;
			packageProductDependencies = (
				4CEDE9C42C15691300A64328 /* PureLayout */,
			);
			productName = Camtrogram;
			productReference = 4CEDE9AE2C155D3300A64328 /* Camtrogram.app */;
			productType = "com.apple.product-type.application";
		};
/* End PBXNativeTarget section */

/* Begin PBXProject section */
		4CEDE9A62C155D3300A64328 /* Project object */ = {
			isa = PBXProject;
			attributes = {
				BuildIndependentTargetsInParallel = 1;
				LastSwiftUpdateCheck = 1520;
				LastUpgradeCheck = 1520;
				TargetAttributes = {
					4CEDE9AD2C155D3300A64328 = {
						CreatedOnToolsVersion = 15.2;
					};
				};
			};
			buildConfigurationList = 4CEDE9A92C155D3300A64328 /* Build configuration list for PBXProject "Camtrogram" */;
			compatibilityVersion = "Xcode 14.0";
			developmentRegion = en;
			hasScannedForEncodings = 0;
			knownRegions = (
				en,
				Base,
			);
			mainGroup = 4CEDE9A52C155D3300A64328;
			packageReferences = (
				4CEDE9C32C15691300A64328 /* XCRemoteSwiftPackageReference "PureLayout" */,
			);
			productRefGroup = 4CEDE9AF2C155D3300A64328 /* Products */;
			projectDirPath = "";
			projectRoot = "";
			targets = (
				4CEDE9AD2C155D3300A64328 /* Camtrogram */,
			);
		};
/* End PBXProject section */

/* Begin PBXResourcesBuildPhase section */
		4CEDE9AC2C155D3300A64328 /* Resources */ = {
			isa = PBXResourcesBuildPhase;
			buildActionMask = 2147483647;
			files = (
				4CEDE9B92C155D3400A64328 /* Preview Assets.xcassets in Resources */,
				4CEDE9B62C155D3400A64328 /* Assets.xcassets in Resources */,
			);
			runOnlyForDeploymentPostprocessing = 0;
		};
/* End PBXResourcesBuildPhase section */

/* Begin PBXSourcesBuildPhase section */
		4CEDE9AA2C155D3300A64328 /* Sources */ = {
			isa = PBXSourcesBuildPhase;
			buildActionMask = 2147483647;
			files = (
				4CEDE9C02C155DB800A64328 /* CameraView.swift in Sources */,
				4CEDE9C22C15683A00A64328 /* PreviewMetalView.swift in Sources */,
				4CEDE9C92C156D0B00A64328 /* FilterRenderer.swift in Sources */,
				4CEDE9B42C155D3300A64328 /* MainView.swift in Sources */,
				4CEDE9CD2C15739400A64328 /* FFT.swift in Sources */,
				4CEDE9CF2C1573E100A64328 /* ImageToAudio.swift in Sources */,
				4CEDE9C72C1569A900A64328 /* PassThrough.metal in Sources */,
				4CEDE9D12C16446E00A64328 /* WavWriter.swift in Sources */,
				4CEDE9CB2C156D5D00A64328 /* EdgeCIRenderer.swift in Sources */,
				4CEDE9D32C16474B00A64328 /* Extensions.swift in Sources */,
				4CEDE9B22C155D3300A64328 /* CamtrogramApp.swift in Sources */,
			);
			runOnlyForDeploymentPostprocessing = 0;
		};
/* End PBXSourcesBuildPhase section */

/* Begin XCBuildConfiguration section */
		4CEDE9BA2C155D3400A64328 /* Debug */ = {
			isa = XCBuildConfiguration;
			buildSettings = {
				ALWAYS_SEARCH_USER_PATHS = NO;
				ASSETCATALOG_COMPILER_GENERATE_SWIFT_ASSET_SYMBOL_EXTENSIONS = YES;
				CLANG_ANALYZER_NONNULL = YES;
				CLANG_ANALYZER_NUMBER_OBJECT_CONVERSION = YES_AGGRESSIVE;
				CLANG_CXX_LANGUAGE_STANDARD = "gnu++20";
				CLANG_ENABLE_MODULES = YES;
				CLANG_ENABLE_OBJC_ARC = YES;
				CLANG_ENABLE_OBJC_WEAK = YES;
				CLANG_WARN_BLOCK_CAPTURE_AUTORELEASING = YES;
				CLANG_WARN_BOOL_CONVERSION = YES;
				CLANG_WARN_COMMA = YES;
				CLANG_WARN_CONSTANT_CONVERSION = YES;
				CLANG_WARN_DEPRECATED_OBJC_IMPLEMENTATIONS = YES;
				CLANG_WARN_DIRECT_OBJC_ISA_USAGE = YES_ERROR;
				CLANG_WARN_DOCUMENTATION_COMMENTS = YES;
				CLANG_WARN_EMPTY_BODY = YES;
				CLANG_WARN_ENUM_CONVERSION = YES;
				CLANG_WARN_INFINITE_RECURSION = YES;
				CLANG_WARN_INT_CONVERSION = YES;
				CLANG_WARN_NON_LITERAL_NULL_CONVERSION = YES;
				CLANG_WARN_OBJC_IMPLICIT_RETAIN_SELF = YES;
				CLANG_WARN_OBJC_LITERAL_CONVERSION = YES;
				CLANG_WARN_OBJC_ROOT_CLASS = YES_ERROR;
				CLANG_WARN_QUOTED_INCLUDE_IN_FRAMEWORK_HEADER = YES;
				CLANG_WARN_RANGE_LOOP_ANALYSIS = YES;
				CLANG_WARN_STRICT_PROTOTYPES = YES;
				CLANG_WARN_SUSPICIOUS_MOVE = YES;
				CLANG_WARN_UNGUARDED_AVAILABILITY = YES_AGGRESSIVE;
				CLANG_WARN_UNREACHABLE_CODE = YES;
				CLANG_WARN__DUPLICATE_METHOD_MATCH = YES;
				COPY_PHASE_STRIP = NO;
				DEBUG_INFORMATION_FORMAT = dwarf;
				ENABLE_STRICT_OBJC_MSGSEND = YES;
				ENABLE_TESTABILITY = YES;
				ENABLE_USER_SCRIPT_SANDBOXING = YES;
				GCC_C_LANGUAGE_STANDARD = gnu17;
				GCC_DYNAMIC_NO_PIC = NO;
				GCC_NO_COMMON_BLOCKS = YES;
				GCC_OPTIMIZATION_LEVEL = 0;
				GCC_PREPROCESSOR_DEFINITIONS = (
					"DEBUG=1",
					"$(inherited)",
				);
				GCC_WARN_64_TO_32_BIT_CONVERSION = YES;
				GCC_WARN_ABOUT_RETURN_TYPE = YES_ERROR;
				GCC_WARN_UNDECLARED_SELECTOR = YES;
				GCC_WARN_UNINITIALIZED_AUTOS = YES_AGGRESSIVE;
				GCC_WARN_UNUSED_FUNCTION = YES;
				GCC_WARN_UNUSED_VARIABLE = YES;
				IPHONEOS_DEPLOYMENT_TARGET = 17.2;
				LOCALIZATION_PREFERS_STRING_CATALOGS = YES;
				MTL_ENABLE_DEBUG_INFO = INCLUDE_SOURCE;
				MTL_FAST_MATH = YES;
				ONLY_ACTIVE_ARCH = YES;
				SDKROOT = iphoneos;
				SWIFT_ACTIVE_COMPILATION_CONDITIONS = "DEBUG $(inherited)";
				SWIFT_OPTIMIZATION_LEVEL = "-Onone";
			};
			name = Debug;
		};
		4CEDE9BB2C155D3400A64328 /* Release */ = {
			isa = XCBuildConfiguration;
			buildSettings = {
				ALWAYS_SEARCH_USER_PATHS = NO;
				ASSETCATALOG_COMPILER_GENERATE_SWIFT_ASSET_SYMBOL_EXTENSIONS = YES;
				CLANG_ANALYZER_NONNULL = YES;
				CLANG_ANALYZER_NUMBER_OBJECT_CONVERSION = YES_AGGRESSIVE;
				CLANG_CXX_LANGUAGE_STANDARD = "gnu++20";
				CLANG_ENABLE_MODULES = YES;
				CLANG_ENABLE_OBJC_ARC = YES;
				CLANG_ENABLE_OBJC_WEAK = YES;
				CLANG_WARN_BLOCK_CAPTURE_AUTORELEASING = YES;
				CLANG_WARN_BOOL_CONVERSION = YES;
				CLANG_WARN_COMMA = YES;
				CLANG_WARN_CONSTANT_CONVERSION = YES;
				CLANG_WARN_DEPRECATED_OBJC_IMPLEMENTATIONS = YES;
				CLANG_WARN_DIRECT_OBJC_ISA_USAGE = YES_ERROR;
				CLANG_WARN_DOCUMENTATION_COMMENTS = YES;
				CLANG_WARN_EMPTY_BODY = YES;
				CLANG_WARN_ENUM_CONVERSION = YES;
				CLANG_WARN_INFINITE_RECURSION = YES;
				CLANG_WARN_INT_CONVERSION = YES;
				CLANG_WARN_NON_LITERAL_NULL_CONVERSION = YES;
				CLANG_WARN_OBJC_IMPLICIT_RETAIN_SELF = YES;
				CLANG_WARN_OBJC_LITERAL_CONVERSION = YES;
				CLANG_WARN_OBJC_ROOT_CLASS = YES_ERROR;
				CLANG_WARN_QUOTED_INCLUDE_IN_FRAMEWORK_HEADER = YES;
				CLANG_WARN_RANGE_LOOP_ANALYSIS = YES;
				CLANG_WARN_STRICT_PROTOTYPES = YES;
				CLANG_WARN_SUSPICIOUS_MOVE = YES;
				CLANG_WARN_UNGUARDED_AVAILABILITY = YES_AGGRESSIVE;
				CLANG_WARN_UNREACHABLE_CODE = YES;
				CLANG_WARN__DUPLICATE_METHOD_MATCH = YES;
				COPY_PHASE_STRIP = NO;
				DEBUG_INFORMATION_FORMAT = "dwarf-with-dsym";
				ENABLE_NS_ASSERTIONS = NO;
				ENABLE_STRICT_OBJC_MSGSEND = YES;
				ENABLE_USER_SCRIPT_SANDBOXING = YES;
				GCC_C_LANGUAGE_STANDARD = gnu17;
				GCC_NO_COMMON_BLOCKS = YES;
				GCC_WARN_64_TO_32_BIT_CONVERSION = YES;
				GCC_WARN_ABOUT_RETURN_TYPE = YES_ERROR;
				GCC_WARN_UNDECLARED_SELECTOR = YES;
				GCC_WARN_UNINITIALIZED_AUTOS = YES_AGGRESSIVE;
				GCC_WARN_UNUSED_FUNCTION = YES;
				GCC_WARN_UNUSED_VARIABLE = YES;
				IPHONEOS_DEPLOYMENT_TARGET = 17.2;
				LOCALIZATION_PREFERS_STRING_CATALOGS = YES;
				MTL_ENABLE_DEBUG_INFO = NO;
				MTL_FAST_MATH = YES;
				SDKROOT = iphoneos;
				SWIFT_COMPILATION_MODE = wholemodule;
				VALIDATE_PRODUCT = YES;
			};
			name = Release;
		};
		4CEDE9BD2C155D3400A64328 /* Debug */ = {
			isa = XCBuildConfiguration;
			buildSettings = {
				ASSETCATALOG_COMPILER_APPICON_NAME = AppIcon;
				ASSETCATALOG_COMPILER_GLOBAL_ACCENT_COLOR_NAME = AccentColor;
				CODE_SIGN_STYLE = Automatic;
				CURRENT_PROJECT_VERSION = 1;
				DEVELOPMENT_ASSET_PATHS = "\"Camtrogram/Preview Content\"";
				DEVELOPMENT_TEAM = M24FQVR7AD;
				ENABLE_PREVIEWS = YES;
				GENERATE_INFOPLIST_FILE = YES;
				INFOPLIST_KEY_NSCameraUsageDescription = "Camtrogram uses your camera to take photos and synthesize audio.";
				INFOPLIST_KEY_UIApplicationSceneManifest_Generation = YES;
				INFOPLIST_KEY_UIApplicationSupportsIndirectInputEvents = YES;
				INFOPLIST_KEY_UILaunchScreen_Generation = YES;
				INFOPLIST_KEY_UISupportedInterfaceOrientations_iPad = "UIInterfaceOrientationPortrait UIInterfaceOrientationPortraitUpsideDown UIInterfaceOrientationLandscapeLeft UIInterfaceOrientationLandscapeRight";
				INFOPLIST_KEY_UISupportedInterfaceOrientations_iPhone = "UIInterfaceOrientationPortrait UIInterfaceOrientationLandscapeLeft UIInterfaceOrientationLandscapeRight";
				LD_RUNPATH_SEARCH_PATHS = (
					"$(inherited)",
					"@executable_path/Frameworks",
				);
				MARKETING_VERSION = 1.0;
				PRODUCT_BUNDLE_IDENTIFIER = com.codalabs.Camtrogram;
				PRODUCT_NAME = "$(TARGET_NAME)";
				SWIFT_EMIT_LOC_STRINGS = YES;
				SWIFT_VERSION = 5.0;
				TARGETED_DEVICE_FAMILY = "1,2";
			};
			name = Debug;
		};
		4CEDE9BE2C155D3400A64328 /* Release */ = {
			isa = XCBuildConfiguration;
			buildSettings = {
				ASSETCATALOG_COMPILER_APPICON_NAME = AppIcon;
				ASSETCATALOG_COMPILER_GLOBAL_ACCENT_COLOR_NAME = AccentColor;
				CODE_SIGN_STYLE = Automatic;
				CURRENT_PROJECT_VERSION = 1;
				DEVELOPMENT_ASSET_PATHS = "\"Camtrogram/Preview Content\"";
				DEVELOPMENT_TEAM = M24FQVR7AD;
				ENABLE_PREVIEWS = YES;
				GENERATE_INFOPLIST_FILE = YES;
				INFOPLIST_KEY_NSCameraUsageDescription = "Camtrogram uses your camera to take photos and synthesize audio.";
				INFOPLIST_KEY_UIApplicationSceneManifest_Generation = YES;
				INFOPLIST_KEY_UIApplicationSupportsIndirectInputEvents = YES;
				INFOPLIST_KEY_UILaunchScreen_Generation = YES;
				INFOPLIST_KEY_UISupportedInterfaceOrientations_iPad = "UIInterfaceOrientationPortrait UIInterfaceOrientationPortraitUpsideDown UIInterfaceOrientationLandscapeLeft UIInterfaceOrientationLandscapeRight";
				INFOPLIST_KEY_UISupportedInterfaceOrientations_iPhone = "UIInterfaceOrientationPortrait UIInterfaceOrientationLandscapeLeft UIInterfaceOrientationLandscapeRight";
				LD_RUNPATH_SEARCH_PATHS = (
					"$(inherited)",
					"@executable_path/Frameworks",
				);
				MARKETING_VERSION = 1.0;
				PRODUCT_BUNDLE_IDENTIFIER = com.codalabs.Camtrogram;
				PRODUCT_NAME = "$(TARGET_NAME)";
				SWIFT_EMIT_LOC_STRINGS = YES;
				SWIFT_VERSION = 5.0;
				TARGETED_DEVICE_FAMILY = "1,2";
			};
			name = Release;
		};
/* End XCBuildConfiguration section */

/* Begin XCConfigurationList section */
		4CEDE9A92C155D3300A64328 /* Build configuration list for PBXProject "Camtrogram" */ = {
			isa = XCConfigurationList;
			buildConfigurations = (
				4CEDE9BA2C155D3400A64328 /* Debug */,
				4CEDE9BB2C155D3400A64328 /* Release */,
			);
			defaultConfigurationIsVisible = 0;
			defaultConfigurationName = Release;
		};
		4CEDE9BC2C155D3400A64328 /* Build configuration list for PBXNativeTarget "Camtrogram" */ = {
			isa = XCConfigurationList;
			buildConfigurations = (
				4CEDE9BD2C155D3400A64328 /* Debug */,
				4CEDE9BE2C155D3400A64328 /* Release */,
			);
			defaultConfigurationIsVisible = 0;
			defaultConfigurationName = Release;
		};
/* End XCConfigurationList section */

/* Begin XCRemoteSwiftPackageReference section */
		4CEDE9C32C15691300A64328 /* XCRemoteSwiftPackageReference "PureLayout" */ = {
			isa = XCRemoteSwiftPackageReference;
			repositoryURL = "https://github.com/PureLayout/PureLayout.git";
			requirement = {
				kind = upToNextMajorVersion;
				minimumVersion = 3.1.9;
			};
		};
/* End XCRemoteSwiftPackageReference section */

/* Begin XCSwiftPackageProductDependency section */
		4CEDE9C42C15691300A64328 /* PureLayout */ = {
			isa = XCSwiftPackageProductDependency;
			package = 4CEDE9C32C15691300A64328 /* XCRemoteSwiftPackageReference "PureLayout" */;
			productName = PureLayout;
		};
/* End XCSwiftPackageProductDependency section */
	};
	rootObject = 4CEDE9A62C155D3300A64328 /* Project object */;
}
